
Microsoft Visual Studio Solution File, Format Version 12.00
# Visual Studio 15
VisualStudioVersion = 15.0.28307.329
MinimumVisualStudioVersion = 10.0.40219.1
Project("{FAE04EC0-301F-11D3-BF4B-00C04F79EFBC}") = "UnitTesting.Web", "UnitTesting.Web\UnitTesting.Web.csproj", "{8952B26C-C6DE-48B6-83F9-6B8DB1875A8F}"
EndProject
Project("{FAE04EC0-301F-11D3-BF4B-00C04F79EFBC}") = "UnitTesting.DataAccess", "UnitTesting.DataAccess\UnitTesting.DataAccess.csproj", "{D90E5DD8-0EBD-4288-9094-4B4A719D14C3}"
EndProject
Project("{FAE04EC0-301F-11D3-BF4B-00C04F79EFBC}") = "UnitTesting.Services", "UnitTesting.Services\UnitTesting.Services.csproj", "{25C733C2-8CB6-4B5D-B862-39BBEDAC5392}"
EndProject
Project("{FAE04EC0-301F-11D3-BF4B-00C04F79EFBC}") = "UnitTesting.Models", "UnitTesting.Models\UnitTesting.Models.csproj", "{B91FED1C-4379-42A3-9F0E-FDB35F452089}"
EndProject
Project("{FAE04EC0-301F-11D3-BF4B-00C04F79EFBC}") = "UnitTesting.Web.Tests", "UnitTesting.Web.Tests\UnitTesting.Web.Tests.csproj", "{E3B45EE1-9C20-4969-8824-BA27769A6706}"
EndProject
Project("{FAE04EC0-301F-11D3-BF4B-00C04F79EFBC}") = "UnitTesting.Services.Tests", "UnitTesting.Services.Tests\UnitTesting.Services.Tests.csproj", "{D8549FEC-E979-4C99-8368-0AD100284942}"
EndProject
Project("{FAE04EC0-301F-11D3-BF4B-00C04F79EFBC}") = "UnitTesting.Web.Selenium.Tests", "UnitTesting.Web.Selenium.Tests\UnitTesting.Web.Selenium.Tests.csproj", "{06B77560-0904-4221-821A-9C73751C1759}"
EndProject
Project("{FAE04EC0-301F-11D3-BF4B-00C04F79EFBC}") = "UnitTesting.Web.Selenium.Framework", "UnitTesting.Web.Selenium.Framework\UnitTesting.Web.Selenium.Framework.csproj", "{F614FCF5-A9B3-47F1-8342-DEBE355A1BB2}"
EndProject
Global
	GlobalSection(SolutionConfigurationPlatforms) = preSolution
		Debug|Any CPU = Debug|Any CPU
		Release|Any CPU = Release|Any CPU
	EndGlobalSection
	GlobalSection(ProjectConfigurationPlatforms) = postSolution
		{8952B26C-C6DE-48B6-83F9-6B8DB1875A8F}.Debug|Any CPU.ActiveCfg = Debug|Any CPU
		{8952B26C-C6DE-48B6-83F9-6B8DB1875A8F}.Debug|Any CPU.Build.0 = Debug|Any CPU
		{8952B26C-C6DE-48B6-83F9-6B8DB1875A8F}.Release|Any CPU.ActiveCfg = Release|Any CPU
		{8952B26C-C6DE-48B6-83F9-6B8DB1875A8F}.Release|Any CPU.Build.0 = Release|Any CPU
		{D90E5DD8-0EBD-4288-9094-4B4A719D14C3}.Debug|Any CPU.ActiveCfg = Debug|Any CPU
		{D90E5DD8-0EBD-4288-9094-4B4A719D14C3}.Debug|Any CPU.Build.0 = Debug|Any CPU
		{D90E5DD8-0EBD-4288-9094-4B4A719D14C3}.Release|Any CPU.ActiveCfg = Release|Any CPU
		{D90E5DD8-0EBD-4288-9094-4B4A719D14C3}.Release|Any CPU.Build.0 = Release|Any CPU
		{25C733C2-8CB6-4B5D-B862-39BBEDAC5392}.Debug|Any CPU.ActiveCfg = Debug|Any CPU
		{25C733C2-8CB6-4B5D-B862-39BBEDAC5392}.Debug|Any CPU.Build.0 = Debug|Any CPU
		{25C733C2-8CB6-4B5D-B862-39BBEDAC5392}.Release|Any CPU.ActiveCfg = Release|Any CPU
		{25C733C2-8CB6-4B5D-B862-39BBEDAC5392}.Release|Any CPU.Build.0 = Release|Any CPU
		{B91FED1C-4379-42A3-9F0E-FDB35F452089}.Debug|Any CPU.ActiveCfg = Debug|Any CPU
		{B91FED1C-4379-42A3-9F0E-FDB35F452089}.Debug|Any CPU.Build.0 = Debug|Any CPU
		{B91FED1C-4379-42A3-9F0E-FDB35F452089}.Release|Any CPU.ActiveCfg = Release|Any CPU
		{B91FED1C-4379-42A3-9F0E-FDB35F452089}.Release|Any CPU.Build.0 = Release|Any CPU
		{E3B45EE1-9C20-4969-8824-BA27769A6706}.Debug|Any CPU.ActiveCfg = Debug|Any CPU
		{E3B45EE1-9C20-4969-8824-BA27769A6706}.Debug|Any CPU.Build.0 = Debug|Any CPU
		{E3B45EE1-9C20-4969-8824-BA27769A6706}.Release|Any CPU.ActiveCfg = Release|Any CPU
		{E3B45EE1-9C20-4969-8824-BA27769A6706}.Release|Any CPU.Build.0 = Release|Any CPU
		{D8549FEC-E979-4C99-8368-0AD100284942}.Debug|Any CPU.ActiveCfg = Debug|Any CPU
		{D8549FEC-E979-4C99-8368-0AD100284942}.Debug|Any CPU.Build.0 = Debug|Any CPU
		{D8549FEC-E979-4C99-8368-0AD100284942}.Release|Any CPU.ActiveCfg = Release|Any CPU
		{D8549FEC-E979-4C99-8368-0AD100284942}.Release|Any CPU.Build.0 = Release|Any CPU
		{06B77560-0904-4221-821A-9C73751C1759}.Debug|Any CPU.ActiveCfg = Debug|Any CPU
		{06B77560-0904-4221-821A-9C73751C1759}.Debug|Any CPU.Build.0 = Debug|Any CPU
		{06B77560-0904-4221-821A-9C73751C1759}.Release|Any CPU.ActiveCfg = Release|Any CPU
		{06B77560-0904-4221-821A-9C73751C1759}.Release|Any CPU.Build.0 = Release|Any CPU
		{F614FCF5-A9B3-47F1-8342-DEBE355A1BB2}.Debug|Any CPU.ActiveCfg = Debug|Any CPU
		{F614FCF5-A9B3-47F1-8342-DEBE355A1BB2}.Debug|Any CPU.Build.0 = Debug|Any CPU
		{F614FCF5-A9B3-47F1-8342-DEBE355A1BB2}.Release|Any CPU.ActiveCfg = Release|Any CPU
		{F614FCF5-A9B3-47F1-8342-DEBE355A1BB2}.Release|Any CPU.Build.0 = Release|Any CPU
	EndGlobalSection
	GlobalSection(SolutionProperties) = preSolution
		HideSolutionNode = FALSE
	EndGlobalSection
	GlobalSection(ExtensibilityGlobals) = postSolution
		SolutionGuid = {B686A0D6-8F70-4FDA-832B-27544C1089B6}
	EndGlobalSection
EndGlobal
